
Microsoft Visual Studio Solution File, Format Version 12.00
# Visual Studio 14
VisualStudioVersion = 14.0.25420.1
MinimumVisualStudioVersion = 10.0.40219.1
Project("{FAE04EC0-301F-11D3-BF4B-00C04F79EFBC}") = "Malwok-Tabletop-Website", "Malwok-Tabletop\Malwok-Tabletop-Website.csproj", "{2D575710-971E-40A6-845E-3BC5920EBC37}"
EndProject
Project("{2150E333-8FDC-42A3-9474-1A3956D46DE8}") = "Solution Items", "Solution Items", "{D6259B40-9B53-4F56-A41A-4AF79EB046C6}"
	ProjectSection(SolutionItems) = preProject
		.gitignore = .gitignore
	EndProjectSection
EndProject
Project("{2150E333-8FDC-42A3-9474-1A3956D46DE8}") = "devRessources", "devRessources", "{2ACA87DB-99BF-4174-B785-7A550A887505}"
	ProjectSection(SolutionItems) = preProject
		devRessources\Helper Bootstrap button generator.txt = devRessources\Helper Bootstrap button generator.txt
		devRessources\index.html = devRessources\index.html
		devRessources\MalwokTabletopAudio IHM.jpg = devRessources\MalwokTabletopAudio IHM.jpg
		devRessources\playlist-picker.html = devRessources\playlist-picker.html
		devRessources\scene-footer.html = devRessources\scene-footer.html
		devRessources\scene.html = devRessources\scene.html
	EndProjectSection
EndProject
Project("{FAE04EC0-301F-11D3-BF4B-00C04F79EFBC}") = "Malwok-Tabletop-API", "Malwok-Tabletop-API\Malwok-Tabletop-API.csproj", "{9C62B2AE-019E-42C5-BCFA-CE151306008A}"
EndProject
Global
	GlobalSection(SolutionConfigurationPlatforms) = preSolution
		Debug|Any CPU = Debug|Any CPU
		Release|Any CPU = Release|Any CPU
	EndGlobalSection
	GlobalSection(ProjectConfigurationPlatforms) = postSolution
		{2D575710-971E-40A6-845E-3BC5920EBC37}.Debug|Any CPU.ActiveCfg = Debug|Any CPU
		{2D575710-971E-40A6-845E-3BC5920EBC37}.Debug|Any CPU.Build.0 = Debug|Any CPU
		{2D575710-971E-40A6-845E-3BC5920EBC37}.Release|Any CPU.ActiveCfg = Release|Any CPU
		{2D575710-971E-40A6-845E-3BC5920EBC37}.Release|Any CPU.Build.0 = Release|Any CPU
		{9C62B2AE-019E-42C5-BCFA-CE151306008A}.Debug|Any CPU.ActiveCfg = Debug|Any CPU
		{9C62B2AE-019E-42C5-BCFA-CE151306008A}.Debug|Any CPU.Build.0 = Debug|Any CPU
		{9C62B2AE-019E-42C5-BCFA-CE151306008A}.Release|Any CPU.ActiveCfg = Release|Any CPU
		{9C62B2AE-019E-42C5-BCFA-CE151306008A}.Release|Any CPU.Build.0 = Release|Any CPU
	EndGlobalSection
	GlobalSection(SolutionProperties) = preSolution
		HideSolutionNode = FALSE
	EndGlobalSection
EndGlobal
